
Microsoft Visual Studio Solution File, Format Version 12.00
# Visual Studio Version 17
VisualStudioVersion = 17.1.32210.238
MinimumVisualStudioVersion = 10.0.40219.1
Project("{FAE04EC0-301F-11D3-BF4B-00C04F79EFBC}") = "PL_DBF", "PL_DBF\PL_DBF.csproj", "{67A59DC3-0B96-4676-B7A8-28FA4C4A7588}"
EndProject
Global
	GlobalSection(SolutionConfigurationPlatforms) = preSolution
		Debug|Any CPU = Debug|Any CPU
		Release|Any CPU = Release|Any CPU
	EndGlobalSection
	GlobalSection(ProjectConfigurationPlatforms) = postSolution
		{67A59DC3-0B96-4676-B7A8-28FA4C4A7588}.Debug|Any CPU.ActiveCfg = Debug|Any CPU
		{67A59DC3-0B96-4676-B7A8-28FA4C4A7588}.Debug|Any CPU.Build.0 = Debug|Any CPU
		{67A59DC3-0B96-4676-B7A8-28FA4C4A7588}.Release|Any CPU.ActiveCfg = Release|Any CPU
		{67A59DC3-0B96-4676-B7A8-28FA4C4A7588}.Release|Any CPU.Build.0 = Release|Any CPU
	EndGlobalSection
	GlobalSection(SolutionProperties) = preSolution
		HideSolutionNode = FALSE
	EndGlobalSection
	GlobalSection(ExtensibilityGlobals) = postSolution
		SolutionGuid = {92AE1CA0-F210-4529-AC8F-80A77492BAE3}
	EndGlobalSection
EndGlobal
